
Microsoft Visual Studio Solution File, Format Version 12.00
# Visual Studio 15
VisualStudioVersion = 15.0.27004.2002
MinimumVisualStudioVersion = 10.0.40219.1
Project("{FAE04EC0-301F-11D3-BF4B-00C04F79EFBC}") = "WheelOfFortune", "WheelOfFortune\WheelOfFortune.csproj", "{FFF00335-DF7D-46FC-93F0-E0FA9C37047E}"
EndProject
Global
	GlobalSection(SolutionConfigurationPlatforms) = preSolution
		Debug|Any CPU = Debug|Any CPU
		Release|Any CPU = Release|Any CPU
	EndGlobalSection
	GlobalSection(ProjectConfigurationPlatforms) = postSolution
		{FFF00335-DF7D-46FC-93F0-E0FA9C37047E}.Debug|Any CPU.ActiveCfg = Debug|Any CPU
		{FFF00335-DF7D-46FC-93F0-E0FA9C37047E}.Debug|Any CPU.Build.0 = Debug|Any CPU
		{FFF00335-DF7D-46FC-93F0-E0FA9C37047E}.Release|Any CPU.ActiveCfg = Release|Any CPU
		{FFF00335-DF7D-46FC-93F0-E0FA9C37047E}.Release|Any CPU.Build.0 = Release|Any CPU
	EndGlobalSection
	GlobalSection(SolutionProperties) = preSolution
		HideSolutionNode = FALSE
	EndGlobalSection
	GlobalSection(ExtensibilityGlobals) = postSolution
		SolutionGuid = {1F5DCC2D-C16E-4EA2-B080-D756E746868C}
	EndGlobalSection
EndGlobal
